
Microsoft Visual Studio Solution File, Format Version 12.00
# Visual Studio Version 17
VisualStudioVersion = 17.4.33205.214
MinimumVisualStudioVersion = 10.0.40219.1
Project("{FAE04EC0-301F-11D3-BF4B-00C04F79EFBC}") = "BinarySearchTree", "BinarySearchTree\BinarySearchTree.csproj", "{B91F8A51-9410-4418-990F-FCFE11280414}"
EndProject
Global
	GlobalSection(SolutionConfigurationPlatforms) = preSolution
		Debug|Any CPU = Debug|Any CPU
		Release|Any CPU = Release|Any CPU
	EndGlobalSection
	GlobalSection(ProjectConfigurationPlatforms) = postSolution
		{B91F8A51-9410-4418-990F-FCFE11280414}.Debug|Any CPU.ActiveCfg = Debug|Any CPU
		{B91F8A51-9410-4418-990F-FCFE11280414}.Debug|Any CPU.Build.0 = Debug|Any CPU
		{B91F8A51-9410-4418-990F-FCFE11280414}.Release|Any CPU.ActiveCfg = Release|Any CPU
		{B91F8A51-9410-4418-990F-FCFE11280414}.Release|Any CPU.Build.0 = Release|Any CPU
	EndGlobalSection
	GlobalSection(SolutionProperties) = preSolution
		HideSolutionNode = FALSE
	EndGlobalSection
	GlobalSection(ExtensibilityGlobals) = postSolution
		SolutionGuid = {D777707B-5A6B-44DF-BCB6-C95E23E52CAA}
	EndGlobalSection
EndGlobal
